// !$*UTF8*$!
{
	archiveVersion = 1;
	classes = {
	};
	objectVersion = 50;
	objects = {

/* Begin PBXBuildFile section */
		A747B60621E64293008C2E0D /* AppDelegate.m in Sources */ = {isa = PBXBuildFile; fileRef = A747B60521E64293008C2E0D /* AppDelegate.m */; };
		A747B60921E64293008C2E0D /* ViewController.m in Sources */ = {isa = PBXBuildFile; fileRef = A747B60821E64293008C2E0D /* ViewController.m */; };
		A747B60C21E64293008C2E0D /* Main.storyboard in Resources */ = {isa = PBXBuildFile; fileRef = A747B60A21E64293008C2E0D /* Main.storyboard */; };
		A747B60E21E64293008C2E0D /* Assets.xcassets in Resources */ = {isa = PBXBuildFile; fileRef = A747B60D21E64293008C2E0D /* Assets.xcassets */; };
		A747B61121E64293008C2E0D /* LaunchScreen.storyboard in Resources */ = {isa = PBXBuildFile; fileRef = A747B60F21E64293008C2E0D /* LaunchScreen.storyboard */; };
		A747B61421E64293008C2E0D /* main.m in Sources */ = {isa = PBXBuildFile; fileRef = A747B61321E64293008C2E0D /* main.m */; };
		A747B61E21E64294008C2E0D /* MVVM__Tests.m in Sources */ = {isa = PBXBuildFile; fileRef = A747B61D21E64294008C2E0D /* MVVM__Tests.m */; };
		A747B62921E64294008C2E0D /* MVVM__UITests.m in Sources */ = {isa = PBXBuildFile; fileRef = A747B62821E64294008C2E0D /* MVVM__UITests.m */; };
		A747B65C21E643AA008C2E0D /* NSObject+FBKVOController.m in Sources */ = {isa = PBXBuildFile; fileRef = A747B65121E643AA008C2E0D /* NSObject+FBKVOController.m */; };
		A747B65D21E643AA008C2E0D /* FBKVOController.m in Sources */ = {isa = PBXBuildFile; fileRef = A747B65221E643AA008C2E0D /* FBKVOController.m */; };
		A747B65E21E643AA008C2E0D /* MVVMViewModel.m in Sources */ = {isa = PBXBuildFile; fileRef = A747B65421E643AA008C2E0D /* MVVMViewModel.m */; };
		A747B65F21E643AA008C2E0D /* MVVMViewController.m in Sources */ = {isa = PBXBuildFile; fileRef = A747B65621E643AA008C2E0D /* MVVMViewController.m */; };
		A747B66021E643AA008C2E0D /* MVVMView.m in Sources */ = {isa = PBXBuildFile; fileRef = A747B65921E643AA008C2E0D /* MVVMView.m */; };
		A747B66121E643AA008C2E0D /* MVVMModel.m in Sources */ = {isa = PBXBuildFile; fileRef = A747B65B21E643AA008C2E0D /* MVVMModel.m */; };
/* End PBXBuildFile section */

/* Begin PBXContainerItemProxy section */
		A747B61A21E64294008C2E0D /* PBXContainerItemProxy */ = {
			isa = PBXContainerItemProxy;
			containerPortal = A747B5F921E64292008C2E0D /* Project object */;
			proxyType = 1;
			remoteGlobalIDString = A747B60021E64292008C2E0D;
			remoteInfo = "MVVM架构";
		};
		A747B62521E64294008C2E0D /* PBXContainerItemProxy */ = {
			isa = PBXContainerItemProxy;
			containerPortal = A747B5F921E64292008C2E0D /* Project object */;
			proxyType = 1;
			remoteGlobalIDString = A747B60021E64292008C2E0D;
			remoteInfo = "MVVM架构";
		};
/* End PBXContainerItemProxy section */

/* Begin PBXFileReference section */
		A747B60121E64293008C2E0D /* MVVM架构.app */ = {isa = PBXFileReference; explicitFileType = wrapper.application; includeInIndex = 0; path = "MVVM架构.app"; sourceTree = BUILT_PRODUCTS_DIR; };
		A747B60421E64293008C2E0D /* AppDelegate.h */ = {isa = PBXFileReference; lastKnownFileType = sourcecode.c.h; path = AppDelegate.h; sourceTree = "<group>"; };
		A747B60521E64293008C2E0D /* AppDelegate.m */ = {isa = PBXFileReference; lastKnownFileType = sourcecode.c.objc; path = AppDelegate.m; sourceTree = "<group>"; };
		A747B60721E64293008C2E0D /* ViewController.h */ = {isa = PBXFileReference; lastKnownFileType = sourcecode.c.h; path = ViewController.h; sourceTree = "<group>"; };
		A747B60821E64293008C2E0D /* ViewController.m */ = {isa = PBXFileReference; lastKnownFileType = sourcecode.c.objc; path = ViewController.m; sourceTree = "<group>"; };
		A747B60B21E64293008C2E0D /* Base */ = {isa = PBXFileReference; lastKnownFileType = file.storyboard; name = Base; path = Base.lproj/Main.storyboard; sourceTree = "<group>"; };
		A747B60D21E64293008C2E0D /* Assets.xcassets */ = {isa = PBXFileReference; lastKnownFileType = folder.assetcatalog; path = Assets.xcassets; sourceTree = "<group>"; };
		A747B61021E64293008C2E0D /* Base */ = {isa = PBXFileReference; lastKnownFileType = file.storyboard; name = Base; path = Base.lproj/LaunchScreen.storyboard; sourceTree = "<group>"; };
		A747B61221E64293008C2E0D /* Info.plist */ = {isa = PBXFileReference; lastKnownFileType = text.plist.xml; path = Info.plist; sourceTree = "<group>"; };
		A747B61321E64293008C2E0D /* main.m */ = {isa = PBXFileReference; lastKnownFileType = sourcecode.c.objc; path = main.m; sourceTree = "<group>"; };
		A747B61921E64294008C2E0D /* MVVM架构Tests.xctest */ = {isa = PBXFileReference; explicitFileType = wrapper.cfbundle; includeInIndex = 0; path = "MVVM架构Tests.xctest"; sourceTree = BUILT_PRODUCTS_DIR; };
		A747B61D21E64294008C2E0D /* MVVM__Tests.m */ = {isa = PBXFileReference; lastKnownFileType = sourcecode.c.objc; path = MVVM__Tests.m; sourceTree = "<group>"; };
		A747B61F21E64294008C2E0D /* Info.plist */ = {isa = PBXFileReference; lastKnownFileType = text.plist.xml; path = Info.plist; sourceTree = "<group>"; };
		A747B62421E64294008C2E0D /* MVVM架构UITests.xctest */ = {isa = PBXFileReference; explicitFileType = wrapper.cfbundle; includeInIndex = 0; path = "MVVM架构UITests.xctest"; sourceTree = BUILT_PRODUCTS_DIR; };
		A747B62821E64294008C2E0D /* MVVM__UITests.m */ = {isa = PBXFileReference; lastKnownFileType = sourcecode.c.objc; path = MVVM__UITests.m; sourceTree = "<group>"; };
		A747B62A21E64294008C2E0D /* Info.plist */ = {isa = PBXFileReference; lastKnownFileType = text.plist.xml; path = Info.plist; sourceTree = "<group>"; };
		A747B64F21E643AA008C2E0D /* KVOController.h */ = {isa = PBXFileReference; fileEncoding = 4; lastKnownFileType = sourcecode.c.h; path = KVOController.h; sourceTree = "<group>"; };
		A747B65021E643AA008C2E0D /* FBKVOController.h */ = {isa = PBXFileReference; fileEncoding = 4; lastKnownFileType = sourcecode.c.h; path = FBKVOController.h; sourceTree = "<group>"; };
		A747B65121E643AA008C2E0D /* NSObject+FBKVOController.m */ = {isa = PBXFileReference; fileEncoding = 4; lastKnownFileType = sourcecode.c.objc; path = "NSObject+FBKVOController.m"; sourceTree = "<group>"; };
		A747B65221E643AA008C2E0D /* FBKVOController.m */ = {isa = PBXFileReference; fileEncoding = 4; lastKnownFileType = sourcecode.c.objc; path = FBKVOController.m; sourceTree = "<group>"; };
		A747B65321E643AA008C2E0D /* NSObject+FBKVOController.h */ = {isa = PBXFileReference; fileEncoding = 4; lastKnownFileType = sourcecode.c.h; path = "NSObject+FBKVOController.h"; sourceTree = "<group>"; };
		A747B65421E643AA008C2E0D /* MVVMViewModel.m */ = {isa = PBXFileReference; fileEncoding = 4; lastKnownFileType = sourcecode.c.objc; path = MVVMViewModel.m; sourceTree = "<group>"; };
		A747B65521E643AA008C2E0D /* MVVMView.h */ = {isa = PBXFileReference; fileEncoding = 4; lastKnownFileType = sourcecode.c.h; path = MVVMView.h; sourceTree = "<group>"; };
		A747B65621E643AA008C2E0D /* MVVMViewController.m */ = {isa = PBXFileReference; fileEncoding = 4; lastKnownFileType = sourcecode.c.objc; path = MVVMViewController.m; sourceTree = "<group>"; };
		A747B65721E643AA008C2E0D /* MVVMModel.h */ = {isa = PBXFileReference; fileEncoding = 4; lastKnownFileType = sourcecode.c.h; path = MVVMModel.h; sourceTree = "<group>"; };
		A747B65821E643AA008C2E0D /* MVVMViewController.h */ = {isa = PBXFileReference; fileEncoding = 4; lastKnownFileType = sourcecode.c.h; path = MVVMViewController.h; sourceTree = "<group>"; };
		A747B65921E643AA008C2E0D /* MVVMView.m */ = {isa = PBXFileReference; fileEncoding = 4; lastKnownFileType = sourcecode.c.objc; path = MVVMView.m; sourceTree = "<group>"; };
		A747B65A21E643AA008C2E0D /* MVVMViewModel.h */ = {isa = PBXFileReference; fileEncoding = 4; lastKnownFileType = sourcecode.c.h; path = MVVMViewModel.h; sourceTree = "<group>"; };
		A747B65B21E643AA008C2E0D /* MVVMModel.m */ = {isa = PBXFileReference; fileEncoding = 4; lastKnownFileType = sourcecode.c.objc; path = MVVMModel.m; sourceTree = "<group>"; };
/* End PBXFileReference section */

/* Begin PBXFrameworksBuildPhase section */
		A747B5FE21E64292008C2E0D /* Frameworks */ = {
			isa = PBXFrameworksBuildPhase;
			buildActionMask = 2147483647;
			files = (
			);
			runOnlyForDeploymentPostprocessing = 0;
		};
		A747B61621E64294008C2E0D /* Frameworks */ = {
			isa = PBXFrameworksBuildPhase;
			buildActionMask = 2147483647;
			files = (
			);
			runOnlyForDeploymentPostprocessing = 0;
		};
		A747B62121E64294008C2E0D /* Frameworks */ = {
			isa = PBXFrameworksBuildPhase;
			buildActionMask = 2147483647;
			files = (
			);
			runOnlyForDeploymentPostprocessing = 0;
		};
/* End PBXFrameworksBuildPhase section */

/* Begin PBXGroup section */
		A747B5F821E64292008C2E0D = {
			isa = PBXGroup;
			children = (
				A747B60321E64293008C2E0D /* MVVM架构 */,
				A747B61C21E64294008C2E0D /* MVVM架构Tests */,
				A747B62721E64294008C2E0D /* MVVM架构UITests */,
				A747B60221E64293008C2E0D /* Products */,
			);
			sourceTree = "<group>";
		};
		A747B60221E64293008C2E0D /* Products */ = {
			isa = PBXGroup;
			children = (
				A747B60121E64293008C2E0D /* MVVM架构.app */,
				A747B61921E64294008C2E0D /* MVVM架构Tests.xctest */,
				A747B62421E64294008C2E0D /* MVVM架构UITests.xctest */,
			);
			name = Products;
			sourceTree = "<group>";
		};
		A747B60321E64293008C2E0D /* MVVM架构 */ = {
			isa = PBXGroup;
			children = (
				A747B64D21E643AA008C2E0D /* MVVM */,
				A747B60421E64293008C2E0D /* AppDelegate.h */,
				A747B60521E64293008C2E0D /* AppDelegate.m */,
				A747B60721E64293008C2E0D /* ViewController.h */,
				A747B60821E64293008C2E0D /* ViewController.m */,
				A747B60A21E64293008C2E0D /* Main.storyboard */,
				A747B60D21E64293008C2E0D /* Assets.xcassets */,
				A747B60F21E64293008C2E0D /* LaunchScreen.storyboard */,
				A747B61221E64293008C2E0D /* Info.plist */,
				A747B61321E64293008C2E0D /* main.m */,
			);
			path = "MVVM架构";
			sourceTree = "<group>";
		};
		A747B61C21E64294008C2E0D /* MVVM架构Tests */ = {
			isa = PBXGroup;
			children = (
				A747B61D21E64294008C2E0D /* MVVM__Tests.m */,
				A747B61F21E64294008C2E0D /* Info.plist */,
			);
			path = "MVVM架构Tests";
			sourceTree = "<group>";
		};
		A747B62721E64294008C2E0D /* MVVM架构UITests */ = {
			isa = PBXGroup;
			children = (
				A747B62821E64294008C2E0D /* MVVM__UITests.m */,
				A747B62A21E64294008C2E0D /* Info.plist */,
			);
			path = "MVVM架构UITests";
			sourceTree = "<group>";
		};
		A747B64D21E643AA008C2E0D /* MVVM */ = {
			isa = PBXGroup;
			children = (
				A747B64E21E643AA008C2E0D /* FBKVOController */,
				A747B65821E643AA008C2E0D /* MVVMViewController.h */,
				A747B65621E643AA008C2E0D /* MVVMViewController.m */,
				A747B65521E643AA008C2E0D /* MVVMView.h */,
				A747B65921E643AA008C2E0D /* MVVMView.m */,
				A747B65721E643AA008C2E0D /* MVVMModel.h */,
				A747B65B21E643AA008C2E0D /* MVVMModel.m */,
				A747B65A21E643AA008C2E0D /* MVVMViewModel.h */,
				A747B65421E643AA008C2E0D /* MVVMViewModel.m */,
			);
			path = MVVM;
			sourceTree = "<group>";
		};
		A747B64E21E643AA008C2E0D /* FBKVOController */ = {
			isa = PBXGroup;
			children = (
				A747B64F21E643AA008C2E0D /* KVOController.h */,
				A747B65021E643AA008C2E0D /* FBKVOController.h */,
				A747B65121E643AA008C2E0D /* NSObject+FBKVOController.m */,
				A747B65221E643AA008C2E0D /* FBKVOController.m */,
				A747B65321E643AA008C2E0D /* NSObject+FBKVOController.h */,
			);
			path = FBKVOController;
			sourceTree = "<group>";
		};
/* End PBXGroup section */

/* Begin PBXNativeTarget section */
		A747B60021E64292008C2E0D /* MVVM架构 */ = {
			isa = PBXNativeTarget;
			buildConfigurationList = A747B62D21E64294008C2E0D /* Build configuration list for PBXNativeTarget "MVVM架构" */;
			buildPhases = (
				A747B5FD21E64292008C2E0D /* Sources */,
				A747B5FE21E64292008C2E0D /* Frameworks */,
				A747B5FF21E64292008C2E0D /* Resources */,
			);
			buildRules = (
			);
			dependencies = (
			);
			name = "MVVM架构";
			productName = "MVVM架构";
			productReference = A747B60121E64293008C2E0D /* MVVM架构.app */;
			productType = "com.apple.product-type.application";
		};
		A747B61821E64294008C2E0D /* MVVM架构Tests */ = {
			isa = PBXNativeTarget;
			buildConfigurationList = A747B63021E64294008C2E0D /* Build configuration list for PBXNativeTarget "MVVM架构Tests" */;
			buildPhases = (
				A747B61521E64294008C2E0D /* Sources */,
				A747B61621E64294008C2E0D /* Frameworks */,
				A747B61721E64294008C2E0D /* Resources */,
			);
			buildRules = (
			);
			dependencies = (
				A747B61B21E64294008C2E0D /* PBXTargetDependency */,
			);
			name = "MVVM架构Tests";
			productName = "MVVM架构Tests";
			productReference = A747B61921E64294008C2E0D /* MVVM架构Tests.xctest */;
			productType = "com.apple.product-type.bundle.unit-test";
		};
		A747B62321E64294008C2E0D /* MVVM架构UITests */ = {
			isa = PBXNativeTarget;
			buildConfigurationList = A747B63321E64294008C2E0D /* Build configuration list for PBXNativeTarget "MVVM架构UITests" */;
			buildPhases = (
				A747B62021E64294008C2E0D /* Sources */,
				A747B62121E64294008C2E0D /* Frameworks */,
				A747B62221E64294008C2E0D /* Resources */,
			);
			buildRules = (
			);
			dependencies = (
				A747B62621E64294008C2E0D /* PBXTargetDependency */,
			);
			name = "MVVM架构UITests";
			productName = "MVVM架构UITests";
			productReference = A747B62421E64294008C2E0D /* MVVM架构UITests.xctest */;
			productType = "com.apple.product-type.bundle.ui-testing";
		};
/* End PBXNativeTarget section */

/* Begin PBXProject section */
		A747B5F921E64292008C2E0D /* Project object */ = {
			isa = PBXProject;
			attributes = {
				LastUpgradeCheck = 1010;
				ORGANIZATIONNAME = MoGuJie;
				TargetAttributes = {
					A747B60021E64292008C2E0D = {
						CreatedOnToolsVersion = 10.1;
					};
					A747B61821E64294008C2E0D = {
						CreatedOnToolsVersion = 10.1;
						TestTargetID = A747B60021E64292008C2E0D;
					};
					A747B62321E64294008C2E0D = {
						CreatedOnToolsVersion = 10.1;
						TestTargetID = A747B60021E64292008C2E0D;
					};
				};
			};
			buildConfigurationList = A747B5FC21E64292008C2E0D /* Build configuration list for PBXProject "MVVM架构" */;
			compatibilityVersion = "Xcode 9.3";
			developmentRegion = en;
			hasScannedForEncodings = 0;
			knownRegions = (
				en,
				Base,
			);
			mainGroup = A747B5F821E64292008C2E0D;
			productRefGroup = A747B60221E64293008C2E0D /* Products */;
			projectDirPath = "";
			projectRoot = "";
			targets = (
				A747B60021E64292008C2E0D /* MVVM架构 */,
				A747B61821E64294008C2E0D /* MVVM架构Tests */,
				A747B62321E64294008C2E0D /* MVVM架构UITests */,
			);
		};
/* End PBXProject section */

/* Begin PBXResourcesBuildPhase section */
		A747B5FF21E64292008C2E0D /* Resources */ = {
			isa = PBXResourcesBuildPhase;
			buildActionMask = 2147483647;
			files = (
				A747B61121E64293008C2E0D /* LaunchScreen.storyboard in Resources */,
				A747B60E21E64293008C2E0D /* Assets.xcassets in Resources */,
				A747B60C21E64293008C2E0D /* Main.storyboard in Resources */,
			);
			runOnlyForDeploymentPostprocessing = 0;
		};
		A747B61721E64294008C2E0D /* Resources */ = {
			isa = PBXResourcesBuildPhase;
			buildActionMask = 2147483647;
			files = (
			);
			runOnlyForDeploymentPostprocessing = 0;
		};
		A747B62221E64294008C2E0D /* Resources */ = {
			isa = PBXResourcesBuildPhase;
			buildActionMask = 2147483647;
			files = (
			);
			runOnlyForDeploymentPostprocessing = 0;
		};
/* End PBXResourcesBuildPhase section */

/* Begin PBXSourcesBuildPhase section */
		A747B5FD21E64292008C2E0D /* Sources */ = {
			isa = PBXSourcesBuildPhase;
			buildActionMask = 2147483647;
			files = (
				A747B65C21E643AA008C2E0D /* NSObject+FBKVOController.m in Sources */,
				A747B60921E64293008C2E0D /* ViewController.m in Sources */,
				A747B65E21E643AA008C2E0D /* MVVMViewModel.m in Sources */,
				A747B61421E64293008C2E0D /* main.m in Sources */,
				A747B60621E64293008C2E0D /* AppDelegate.m in Sources */,
				A747B66121E643AA008C2E0D /* MVVMModel.m in Sources */,
				A747B65F21E643AA008C2E0D /* MVVMViewController.m in Sources */,
				A747B66021E643AA008C2E0D /* MVVMView.m in Sources */,
				A747B65D21E643AA008C2E0D /* FBKVOController.m in Sources */,
			);
			runOnlyForDeploymentPostprocessing = 0;
		};
		A747B61521E64294008C2E0D /* Sources */ = {
			isa = PBXSourcesBuildPhase;
			buildActionMask = 2147483647;
			files = (
				A747B61E21E64294008C2E0D /* MVVM__Tests.m in Sources */,
			);
			runOnlyForDeploymentPostprocessing = 0;
		};
		A747B62021E64294008C2E0D /* Sources */ = {
			isa = PBXSourcesBuildPhase;
			buildActionMask = 2147483647;
			files = (
				A747B62921E64294008C2E0D /* MVVM__UITests.m in Sources */,
			);
			runOnlyForDeploymentPostprocessing = 0;
		};
/* End PBXSourcesBuildPhase section */

/* Begin PBXTargetDependency section */
		A747B61B21E64294008C2E0D /* PBXTargetDependency */ = {
			isa = PBXTargetDependency;
			target = A747B60021E64292008C2E0D /* MVVM架构 */;
			targetProxy = A747B61A21E64294008C2E0D /* PBXContainerItemProxy */;
		};
		A747B62621E64294008C2E0D /* PBXTargetDependency */ = {
			isa = PBXTargetDependency;
			target = A747B60021E64292008C2E0D /* MVVM架构 */;
			targetProxy = A747B62521E64294008C2E0D /* PBXContainerItemProxy */;
		};
/* End PBXTargetDependency section */

/* Begin PBXVariantGroup section */
		A747B60A21E64293008C2E0D /* Main.storyboard */ = {
			isa = PBXVariantGroup;
			children = (
				A747B60B21E64293008C2E0D /* Base */,
			);
			name = Main.storyboard;
			sourceTree = "<group>";
		};
		A747B60F21E64293008C2E0D /* LaunchScreen.storyboard */ = {
			isa = PBXVariantGroup;
			children = (
				A747B61021E64293008C2E0D /* Base */,
			);
			name = LaunchScreen.storyboard;
			sourceTree = "<group>";
		};
/* End PBXVariantGroup section */

/* Begin XCBuildConfiguration section */
		A747B62B21E64294008C2E0D /* Debug */ = {
			isa = XCBuildConfiguration;
			buildSettings = {
				ALWAYS_SEARCH_USER_PATHS = NO;
				CLANG_ANALYZER_NONNULL = YES;
				CLANG_ANALYZER_NUMBER_OBJECT_CONVERSION = YES_AGGRESSIVE;
				CLANG_CXX_LANGUAGE_STANDARD = "gnu++14";
				CLANG_CXX_LIBRARY = "libc++";
				CLANG_ENABLE_MODULES = YES;
				CLANG_ENABLE_OBJC_ARC = YES;
				CLANG_ENABLE_OBJC_WEAK = YES;
				CLANG_WARN_BLOCK_CAPTURE_AUTORELEASING = YES;
				CLANG_WARN_BOOL_CONVERSION = YES;
				CLANG_WARN_COMMA = YES;
				CLANG_WARN_CONSTANT_CONVERSION = YES;
				CLANG_WARN_DEPRECATED_OBJC_IMPLEMENTATIONS = YES;
				CLANG_WARN_DIRECT_OBJC_ISA_USAGE = YES_ERROR;
				CLANG_WARN_DOCUMENTATION_COMMENTS = YES;
				CLANG_WARN_EMPTY_BODY = YES;
				CLANG_WARN_ENUM_CONVERSION = YES;
				CLANG_WARN_INFINITE_RECURSION = YES;
				CLANG_WARN_INT_CONVERSION = YES;
				CLANG_WARN_NON_LITERAL_NULL_CONVERSION = YES;
				CLANG_WARN_OBJC_IMPLICIT_RETAIN_SELF = YES;
				CLANG_WARN_OBJC_LITERAL_CONVERSION = YES;
				CLANG_WARN_OBJC_ROOT_CLASS = YES_ERROR;
				CLANG_WARN_RANGE_LOOP_ANALYSIS = YES;
				CLANG_WARN_STRICT_PROTOTYPES = YES;
				CLANG_WARN_SUSPICIOUS_MOVE = YES;
				CLANG_WARN_UNGUARDED_AVAILABILITY = YES_AGGRESSIVE;
				CLANG_WARN_UNREACHABLE_CODE = YES;
				CLANG_WARN__DUPLICATE_METHOD_MATCH = YES;
				CODE_SIGN_IDENTITY = "iPhone Developer";
				COPY_PHASE_STRIP = NO;
				DEBUG_INFORMATION_FORMAT = dwarf;
				ENABLE_STRICT_OBJC_MSGSEND = YES;
				ENABLE_TESTABILITY = YES;
				GCC_C_LANGUAGE_STANDARD = gnu11;
				GCC_DYNAMIC_NO_PIC = NO;
				GCC_NO_COMMON_BLOCKS = YES;
				GCC_OPTIMIZATION_LEVEL = 0;
				GCC_PREPROCESSOR_DEFINITIONS = (
					"DEBUG=1",
					"$(inherited)",
				);
				GCC_WARN_64_TO_32_BIT_CONVERSION = YES;
				GCC_WARN_ABOUT_RETURN_TYPE = YES_ERROR;
				GCC_WARN_UNDECLARED_SELECTOR = YES;
				GCC_WARN_UNINITIALIZED_AUTOS = YES_AGGRESSIVE;
				GCC_WARN_UNUSED_FUNCTION = YES;
				GCC_WARN_UNUSED_VARIABLE = YES;
				IPHONEOS_DEPLOYMENT_TARGET = 12.1;
				MTL_ENABLE_DEBUG_INFO = INCLUDE_SOURCE;
				MTL_FAST_MATH = YES;
				ONLY_ACTIVE_ARCH = YES;
				SDKROOT = iphoneos;
			};
			name = Debug;
		};
		A747B62C21E64294008C2E0D /* Release */ = {
			isa = XCBuildConfiguration;
			buildSettings = {
				ALWAYS_SEARCH_USER_PATHS = NO;
				CLANG_ANALYZER_NONNULL = YES;
				CLANG_ANALYZER_NUMBER_OBJECT_CONVERSION = YES_AGGRESSIVE;
				CLANG_CXX_LANGUAGE_STANDARD = "gnu++14";
				CLANG_CXX_LIBRARY = "libc++";
				CLANG_ENABLE_MODULES = YES;
				CLANG_ENABLE_OBJC_ARC = YES;
				CLANG_ENABLE_OBJC_WEAK = YES;
				CLANG_WARN_BLOCK_CAPTURE_AUTORELEASING = YES;
				CLANG_WARN_BOOL_CONVERSION = YES;
				CLANG_WARN_COMMA = YES;
				CLANG_WARN_CONSTANT_CONVERSION = YES;
				CLANG_WARN_DEPRECATED_OBJC_IMPLEMENTATIONS = YES;
				CLANG_WARN_DIRECT_OBJC_ISA_USAGE = YES_ERROR;
				CLANG_WARN_DOCUMENTATION_COMMENTS = YES;
				CLANG_WARN_EMPTY_BODY = YES;
				CLANG_WARN_ENUM_CONVERSION = YES;
				CLANG_WARN_INFINITE_RECURSION = YES;
				CLANG_WARN_INT_CONVERSION = YES;
				CLANG_WARN_NON_LITERAL_NULL_CONVERSION = YES;
				CLANG_WARN_OBJC_IMPLICIT_RETAIN_SELF = YES;
				CLANG_WARN_OBJC_LITERAL_CONVERSION = YES;
				CLANG_WARN_OBJC_ROOT_CLASS = YES_ERROR;
				CLANG_WARN_RANGE_LOOP_ANALYSIS = YES;
				CLANG_WARN_STRICT_PROTOTYPES = YES;
				CLANG_WARN_SUSPICIOUS_MOVE = YES;
				CLANG_WARN_UNGUARDED_AVAILABILITY = YES_AGGRESSIVE;
				CLANG_WARN_UNREACHABLE_CODE = YES;
				CLANG_WARN__DUPLICATE_METHOD_MATCH = YES;
				CODE_SIGN_IDENTITY = "iPhone Developer";
				COPY_PHASE_STRIP = NO;
				DEBUG_INFORMATION_FORMAT = "dwarf-with-dsym";
				ENABLE_NS_ASSERTIONS = NO;
				ENABLE_STRICT_OBJC_MSGSEND = YES;
				GCC_C_LANGUAGE_STANDARD = gnu11;
				GCC_NO_COMMON_BLOCKS = YES;
				GCC_WARN_64_TO_32_BIT_CONVERSION = YES;
				GCC_WARN_ABOUT_RETURN_TYPE = YES_ERROR;
				GCC_WARN_UNDECLARED_SELECTOR = YES;
				GCC_WARN_UNINITIALIZED_AUTOS = YES_AGGRESSIVE;
				GCC_WARN_UNUSED_FUNCTION = YES;
				GCC_WARN_UNUSED_VARIABLE = YES;
				IPHONEOS_DEPLOYMENT_TARGET = 12.1;
				MTL_ENABLE_DEBUG_INFO = NO;
				MTL_FAST_MATH = YES;
				SDKROOT = iphoneos;
				VALIDATE_PRODUCT = YES;
			};
			name = Release;
		};
		A747B62E21E64294008C2E0D /* Debug */ = {
			isa = XCBuildConfiguration;
			buildSettings = {
				ASSETCATALOG_COMPILER_APPICON_NAME = AppIcon;
				CODE_SIGN_STYLE = Automatic;
				INFOPLIST_FILE = "MVVM架构/Info.plist";
				LD_RUNPATH_SEARCH_PATHS = (
					"$(inherited)",
					"@executable_path/Frameworks",
				);
				PRODUCT_BUNDLE_IDENTIFIER = "MLPF.MVVM--";
				PRODUCT_NAME = "$(TARGET_NAME)";
				TARGETED_DEVICE_FAMILY = "1,2";
			};
			name = Debug;
		};
		A747B62F21E64294008C2E0D /* Release */ = {
			isa = XCBuildConfiguration;
			buildSettings = {
				ASSETCATALOG_COMPILER_APPICON_NAME = AppIcon;
				CODE_SIGN_STYLE = Automatic;
				INFOPLIST_FILE = "MVVM架构/Info.plist";
				LD_RUNPATH_SEARCH_PATHS = (
					"$(inherited)",
					"@executable_path/Frameworks",
				);
				PRODUCT_BUNDLE_IDENTIFIER = "MLPF.MVVM--";
				PRODUCT_NAME = "$(TARGET_NAME)";
				TARGETED_DEVICE_FAMILY = "1,2";
			};
			name = Release;
		};
		A747B63121E64294008C2E0D /* Debug */ = {
			isa = XCBuildConfiguration;
			buildSettings = {
				BUNDLE_LOADER = "$(TEST_HOST)";
				CODE_SIGN_STYLE = Automatic;
				INFOPLIST_FILE = "MVVM架构Tests/Info.plist";
				LD_RUNPATH_SEARCH_PATHS = (
					"$(inherited)",
					"@executable_path/Frameworks",
					"@loader_path/Frameworks",
				);
				PRODUCT_BUNDLE_IDENTIFIER = "MLPF.MVVM--Tests";
				PRODUCT_NAME = "$(TARGET_NAME)";
				TARGETED_DEVICE_FAMILY = "1,2";
				TEST_HOST = "$(BUILT_PRODUCTS_DIR)/MVVM架构.app/MVVM架构";
			};
			name = Debug;
		};
		A747B63221E64294008C2E0D /* Release */ = {
			isa = XCBuildConfiguration;
			buildSettings = {
				BUNDLE_LOADER = "$(TEST_HOST)";
				CODE_SIGN_STYLE = Automatic;
				INFOPLIST_FILE = "MVVM架构Tests/Info.plist";
				LD_RUNPATH_SEARCH_PATHS = (
					"$(inherited)",
					"@executable_path/Frameworks",
					"@loader_path/Frameworks",
				);
				PRODUCT_BUNDLE_IDENTIFIER = "MLPF.MVVM--Tests";
				PRODUCT_NAME = "$(TARGET_NAME)";
				TARGETED_DEVICE_FAMILY = "1,2";
				TEST_HOST = "$(BUILT_PRODUCTS_DIR)/MVVM架构.app/MVVM架构";
			};
			name = Release;
		};
		A747B63421E64294008C2E0D /* Debug */ = {
			isa = XCBuildConfiguration;
			buildSettings = {
				CODE_SIGN_STYLE = Automatic;
				INFOPLIST_FILE = "MVVM架构UITests/Info.plist";
				LD_RUNPATH_SEARCH_PATHS = (
					"$(inherited)",
					"@executable_path/Frameworks",
					"@loader_path/Frameworks",
				);
				PRODUCT_BUNDLE_IDENTIFIER = "MLPF.MVVM--UITests";
				PRODUCT_NAME = "$(TARGET_NAME)";
				TARGETED_DEVICE_FAMILY = "1,2";
				TEST_TARGET_NAME = "MVVM架构";
			};
			name = Debug;
		};
		A747B63521E64294008C2E0D /* Release */ = {
			isa = XCBuildConfiguration;
			buildSettings = {
				CODE_SIGN_STYLE = Automatic;
				INFOPLIST_FILE = "MVVM架构UITests/Info.plist";
				LD_RUNPATH_SEARCH_PATHS = (
					"$(inherited)",
					"@executable_path/Frameworks",
					"@loader_path/Frameworks",
				);
				PRODUCT_BUNDLE_IDENTIFIER = "MLPF.MVVM--UITests";
				PRODUCT_NAME = "$(TARGET_NAME)";
				TARGETED_DEVICE_FAMILY = "1,2";
				TEST_TARGET_NAME = "MVVM架构";
			};
			name = Release;
		};
/* End XCBuildConfiguration section */

/* Begin XCConfigurationList section */
		A747B5FC21E64292008C2E0D /* Build configuration list for PBXProject "MVVM架构" */ = {
			isa = XCConfigurationList;
			buildConfigurations = (
				A747B62B21E64294008C2E0D /* Debug */,
				A747B62C21E64294008C2E0D /* Release */,
			);
			defaultConfigurationIsVisible = 0;
			defaultConfigurationName = Release;
		};
		A747B62D21E64294008C2E0D /* Build configuration list for PBXNativeTarget "MVVM架构" */ = {
			isa = XCConfigurationList;
			buildConfigurations = (
				A747B62E21E64294008C2E0D /* Debug */,
				A747B62F21E64294008C2E0D /* Release */,
			);
			defaultConfigurationIsVisible = 0;
			defaultConfigurationName = Release;
		};
		A747B63021E64294008C2E0D /* Build configuration list for PBXNativeTarget "MVVM架构Tests" */ = {
			isa = XCConfigurationList;
			buildConfigurations = (
				A747B63121E64294008C2E0D /* Debug */,
				A747B63221E64294008C2E0D /* Release */,
			);
			defaultConfigurationIsVisible = 0;
			defaultConfigurationName = Release;
		};
		A747B63321E64294008C2E0D /* Build configuration list for PBXNativeTarget "MVVM架构UITests" */ = {
			isa = XCConfigurationList;
			buildConfigurations = (
				A747B63421E64294008C2E0D /* Debug */,
				A747B63521E64294008C2E0D /* Release */,
			);
			defaultConfigurationIsVisible = 0;
			defaultConfigurationName = Release;
		};
/* End XCConfigurationList section */
	};
	rootObject = A747B5F921E64292008C2E0D /* Project object */;
}
